
Microsoft Visual Studio Solution File, Format Version 12.00
# Visual Studio Version 17
VisualStudioVersion = 17.11.35327.3
MinimumVisualStudioVersion = 10.0.40219.1
Project("{9A19103F-16F7-4668-BE54-9A1E7A4F7556}") = "WAD.Codebase.00016656", "WAD.Codebase.00016656\WAD.Codebase.00016656.csproj", "{C35285B5-6CBE-4656-9B32-4E90DD296E47}"
EndProject
Project("{FAE04EC0-301F-11D3-BF4B-00C04F79EFBC}") = "DAL", "DAL\DAL.csproj", "{EDF41117-E535-48F7-89E9-1AB9C713FD73}"
EndProject
Global
	GlobalSection(SolutionConfigurationPlatforms) = preSolution
		Debug|Any CPU = Debug|Any CPU
		Release|Any CPU = Release|Any CPU
	EndGlobalSection
	GlobalSection(ProjectConfigurationPlatforms) = postSolution
		{C35285B5-6CBE-4656-9B32-4E90DD296E47}.Debug|Any CPU.ActiveCfg = Debug|Any CPU
		{C35285B5-6CBE-4656-9B32-4E90DD296E47}.Debug|Any CPU.Build.0 = Debug|Any CPU
		{C35285B5-6CBE-4656-9B32-4E90DD296E47}.Release|Any CPU.ActiveCfg = Release|Any CPU
		{C35285B5-6CBE-4656-9B32-4E90DD296E47}.Release|Any CPU.Build.0 = Release|Any CPU
		{EDF41117-E535-48F7-89E9-1AB9C713FD73}.Debug|Any CPU.ActiveCfg = Debug|Any CPU
		{EDF41117-E535-48F7-89E9-1AB9C713FD73}.Debug|Any CPU.Build.0 = Debug|Any CPU
		{EDF41117-E535-48F7-89E9-1AB9C713FD73}.Release|Any CPU.ActiveCfg = Release|Any CPU
		{EDF41117-E535-48F7-89E9-1AB9C713FD73}.Release|Any CPU.Build.0 = Release|Any CPU
	EndGlobalSection
	GlobalSection(SolutionProperties) = preSolution
		HideSolutionNode = FALSE
	EndGlobalSection
	GlobalSection(ExtensibilityGlobals) = postSolution
		SolutionGuid = {66C7A858-C688-42E8-B559-96D5CEB671C8}
	EndGlobalSection
EndGlobal
